
Microsoft Visual Studio Solution File, Format Version 12.00
# Visual Studio 15
VisualStudioVersion = 15.0.26228.4
MinimumVisualStudioVersion = 10.0.40219.1
Project("{FAE04EC0-301F-11D3-BF4B-00C04F79EFBC}") = "TPL", "TPL\TPL.csproj", "{BC5FD1CB-A2A6-4344-B2DF-04F4310E3040}"
EndProject
Project("{FAE04EC0-301F-11D3-BF4B-00C04F79EFBC}") = "TPL.1-6", "TPL.1-6\TPL.1-6.csproj", "{F286ABB1-F273-44E7-96B4-15E7526A241D}"
EndProject
Project("{FAE04EC0-301F-11D3-BF4B-00C04F79EFBC}") = "TPL.1-7", "TPL.1-7\TPL.1-7.csproj", "{D6E86C2E-7F84-4410-9EA4-2E3BE629783C}"
EndProject
Project("{FAE04EC0-301F-11D3-BF4B-00C04F79EFBC}") = "TPL.1-8", "TPL.1-8\TPL.1-8.csproj", "{7362C9F6-625E-47EB-8B14-AA961268CA50}"
EndProject
Project("{FAE04EC0-301F-11D3-BF4B-00C04F79EFBC}") = "TPL.1-9", "TPL.1-9\TPL.1-9.csproj", "{5B2FEE29-45FF-4F7A-9B60-C6EC3E81585F}"
EndProject
Project("{FAE04EC0-301F-11D3-BF4B-00C04F79EFBC}") = "TPL.1-10", "TPL.1-10\TPL.1-10.csproj", "{FEB319E3-08E9-4921-9674-B4902FC984FB}"
EndProject
Project("{FAE04EC0-301F-11D3-BF4B-00C04F79EFBC}") = "TPL.1-11", "TPL.1-11\TPL.1-11.csproj", "{D3C4C4A0-4B09-4237-972D-4144B5C8C7EB}"
EndProject
Project("{FAE04EC0-301F-11D3-BF4B-00C04F79EFBC}") = "TPL.1-12", "TPL.1-12\TPL.1-12.csproj", "{147B7BAA-A29D-4606-AC0D-109E7A689463}"
EndProject
Project("{FAE04EC0-301F-11D3-BF4B-00C04F79EFBC}") = "TPL.2-2", "TPL.2-2\TPL.2-2.csproj", "{ED796F0A-5277-45B1-A22F-67750D8A6564}"
EndProject
Project("{FAE04EC0-301F-11D3-BF4B-00C04F79EFBC}") = "TPL.2-3", "TPL.2-3\TPL.2-3.csproj", "{093748BF-5764-450C-8FD0-AC54C01F442D}"
EndProject
Project("{FAE04EC0-301F-11D3-BF4B-00C04F79EFBC}") = "TPL.2-4", "TPL.2-4\TPL.2-4.csproj", "{E3913B3D-1FAF-4087-8570-A4EC89977648}"
EndProject
Global
	GlobalSection(SolutionConfigurationPlatforms) = preSolution
		Debug|Any CPU = Debug|Any CPU
		Release|Any CPU = Release|Any CPU
	EndGlobalSection
	GlobalSection(ProjectConfigurationPlatforms) = postSolution
		{BC5FD1CB-A2A6-4344-B2DF-04F4310E3040}.Debug|Any CPU.ActiveCfg = Debug|Any CPU
		{BC5FD1CB-A2A6-4344-B2DF-04F4310E3040}.Debug|Any CPU.Build.0 = Debug|Any CPU
		{BC5FD1CB-A2A6-4344-B2DF-04F4310E3040}.Release|Any CPU.ActiveCfg = Release|Any CPU
		{BC5FD1CB-A2A6-4344-B2DF-04F4310E3040}.Release|Any CPU.Build.0 = Release|Any CPU
		{F286ABB1-F273-44E7-96B4-15E7526A241D}.Debug|Any CPU.ActiveCfg = Debug|Any CPU
		{F286ABB1-F273-44E7-96B4-15E7526A241D}.Debug|Any CPU.Build.0 = Debug|Any CPU
		{F286ABB1-F273-44E7-96B4-15E7526A241D}.Release|Any CPU.ActiveCfg = Release|Any CPU
		{F286ABB1-F273-44E7-96B4-15E7526A241D}.Release|Any CPU.Build.0 = Release|Any CPU
		{D6E86C2E-7F84-4410-9EA4-2E3BE629783C}.Debug|Any CPU.ActiveCfg = Debug|Any CPU
		{D6E86C2E-7F84-4410-9EA4-2E3BE629783C}.Debug|Any CPU.Build.0 = Debug|Any CPU
		{D6E86C2E-7F84-4410-9EA4-2E3BE629783C}.Release|Any CPU.ActiveCfg = Release|Any CPU
		{D6E86C2E-7F84-4410-9EA4-2E3BE629783C}.Release|Any CPU.Build.0 = Release|Any CPU
		{7362C9F6-625E-47EB-8B14-AA961268CA50}.Debug|Any CPU.ActiveCfg = Debug|Any CPU
		{7362C9F6-625E-47EB-8B14-AA961268CA50}.Debug|Any CPU.Build.0 = Debug|Any CPU
		{7362C9F6-625E-47EB-8B14-AA961268CA50}.Release|Any CPU.ActiveCfg = Release|Any CPU
		{7362C9F6-625E-47EB-8B14-AA961268CA50}.Release|Any CPU.Build.0 = Release|Any CPU
		{5B2FEE29-45FF-4F7A-9B60-C6EC3E81585F}.Debug|Any CPU.ActiveCfg = Debug|Any CPU
		{5B2FEE29-45FF-4F7A-9B60-C6EC3E81585F}.Debug|Any CPU.Build.0 = Debug|Any CPU
		{5B2FEE29-45FF-4F7A-9B60-C6EC3E81585F}.Release|Any CPU.ActiveCfg = Release|Any CPU
		{5B2FEE29-45FF-4F7A-9B60-C6EC3E81585F}.Release|Any CPU.Build.0 = Release|Any CPU
		{FEB319E3-08E9-4921-9674-B4902FC984FB}.Debug|Any CPU.ActiveCfg = Debug|Any CPU
		{FEB319E3-08E9-4921-9674-B4902FC984FB}.Debug|Any CPU.Build.0 = Debug|Any CPU
		{FEB319E3-08E9-4921-9674-B4902FC984FB}.Release|Any CPU.ActiveCfg = Release|Any CPU
		{FEB319E3-08E9-4921-9674-B4902FC984FB}.Release|Any CPU.Build.0 = Release|Any CPU
		{D3C4C4A0-4B09-4237-972D-4144B5C8C7EB}.Debug|Any CPU.ActiveCfg = Debug|Any CPU
		{D3C4C4A0-4B09-4237-972D-4144B5C8C7EB}.Debug|Any CPU.Build.0 = Debug|Any CPU
		{D3C4C4A0-4B09-4237-972D-4144B5C8C7EB}.Release|Any CPU.ActiveCfg = Release|Any CPU
		{D3C4C4A0-4B09-4237-972D-4144B5C8C7EB}.Release|Any CPU.Build.0 = Release|Any CPU
		{147B7BAA-A29D-4606-AC0D-109E7A689463}.Debug|Any CPU.ActiveCfg = Debug|Any CPU
		{147B7BAA-A29D-4606-AC0D-109E7A689463}.Debug|Any CPU.Build.0 = Debug|Any CPU
		{147B7BAA-A29D-4606-AC0D-109E7A689463}.Release|Any CPU.ActiveCfg = Release|Any CPU
		{147B7BAA-A29D-4606-AC0D-109E7A689463}.Release|Any CPU.Build.0 = Release|Any CPU
		{ED796F0A-5277-45B1-A22F-67750D8A6564}.Debug|Any CPU.ActiveCfg = Debug|Any CPU
		{ED796F0A-5277-45B1-A22F-67750D8A6564}.Debug|Any CPU.Build.0 = Debug|Any CPU
		{ED796F0A-5277-45B1-A22F-67750D8A6564}.Release|Any CPU.ActiveCfg = Release|Any CPU
		{ED796F0A-5277-45B1-A22F-67750D8A6564}.Release|Any CPU.Build.0 = Release|Any CPU
		{093748BF-5764-450C-8FD0-AC54C01F442D}.Debug|Any CPU.ActiveCfg = Debug|Any CPU
		{093748BF-5764-450C-8FD0-AC54C01F442D}.Debug|Any CPU.Build.0 = Debug|Any CPU
		{093748BF-5764-450C-8FD0-AC54C01F442D}.Release|Any CPU.ActiveCfg = Release|Any CPU
		{093748BF-5764-450C-8FD0-AC54C01F442D}.Release|Any CPU.Build.0 = Release|Any CPU
		{E3913B3D-1FAF-4087-8570-A4EC89977648}.Debug|Any CPU.ActiveCfg = Debug|Any CPU
		{E3913B3D-1FAF-4087-8570-A4EC89977648}.Debug|Any CPU.Build.0 = Debug|Any CPU
		{E3913B3D-1FAF-4087-8570-A4EC89977648}.Release|Any CPU.ActiveCfg = Release|Any CPU
		{E3913B3D-1FAF-4087-8570-A4EC89977648}.Release|Any CPU.Build.0 = Release|Any CPU
	EndGlobalSection
	GlobalSection(SolutionProperties) = preSolution
		HideSolutionNode = FALSE
	EndGlobalSection
EndGlobal
